
Microsoft Visual Studio Solution File, Format Version 12.00
# Visual Studio Version 16
VisualStudioVersion = 16.0.31515.178
MinimumVisualStudioVersion = 10.0.40219.1
Project("{9A19103F-16F7-4668-BE54-9A1E7A4F7556}") = "BookAPI", "BookAPI\BookAPI.csproj", "{74AFC90F-A3C3-4EEF-850D-15D5AF806D6E}"
EndProject
Project("{FAE04EC0-301F-11D3-BF4B-00C04F79EFBC}") = "UnitTesting", "UnitTesting\UnitTesting.csproj", "{B9FFFEB0-EE4C-4075-94D5-08034FA2BBAF}"
EndProject
Global
	GlobalSection(SolutionConfigurationPlatforms) = preSolution
		Debug|Any CPU = Debug|Any CPU
		Release|Any CPU = Release|Any CPU
	EndGlobalSection
	GlobalSection(ProjectConfigurationPlatforms) = postSolution
		{74AFC90F-A3C3-4EEF-850D-15D5AF806D6E}.Debug|Any CPU.ActiveCfg = Debug|Any CPU
		{74AFC90F-A3C3-4EEF-850D-15D5AF806D6E}.Debug|Any CPU.Build.0 = Debug|Any CPU
		{74AFC90F-A3C3-4EEF-850D-15D5AF806D6E}.Release|Any CPU.ActiveCfg = Release|Any CPU
		{74AFC90F-A3C3-4EEF-850D-15D5AF806D6E}.Release|Any CPU.Build.0 = Release|Any CPU
		{B9FFFEB0-EE4C-4075-94D5-08034FA2BBAF}.Debug|Any CPU.ActiveCfg = Debug|Any CPU
		{B9FFFEB0-EE4C-4075-94D5-08034FA2BBAF}.Debug|Any CPU.Build.0 = Debug|Any CPU
		{B9FFFEB0-EE4C-4075-94D5-08034FA2BBAF}.Release|Any CPU.ActiveCfg = Release|Any CPU
		{B9FFFEB0-EE4C-4075-94D5-08034FA2BBAF}.Release|Any CPU.Build.0 = Release|Any CPU
	EndGlobalSection
	GlobalSection(SolutionProperties) = preSolution
		HideSolutionNode = FALSE
	EndGlobalSection
	GlobalSection(ExtensibilityGlobals) = postSolution
		SolutionGuid = {AED09656-3E09-48DC-83EA-FF3427E4E148}
	EndGlobalSection
EndGlobal
